// !$*UTF8*$!
{
	archiveVersion = 1;
	classes = {
	};
	objectVersion = 55;
	objects = {

/* Begin PBXBuildFile section */
		0B45265D28CA0EEA00D4083C /* AppDelegate.swift in Sources */ = {isa = PBXBuildFile; fileRef = 0B45265C28CA0EEA00D4083C /* AppDelegate.swift */; };
		0B45265F28CA0EEA00D4083C /* SceneDelegate.swift in Sources */ = {isa = PBXBuildFile; fileRef = 0B45265E28CA0EEA00D4083C /* SceneDelegate.swift */; };
		0B45266128CA0EEA00D4083C /* ViewController.swift in Sources */ = {isa = PBXBuildFile; fileRef = 0B45266028CA0EEA00D4083C /* ViewController.swift */; };
		0B45266628CA0EEC00D4083C /* Assets.xcassets in Resources */ = {isa = PBXBuildFile; fileRef = 0B45266528CA0EEC00D4083C /* Assets.xcassets */; };
		0B45266928CA0EEC00D4083C /* LaunchScreen.storyboard in Resources */ = {isa = PBXBuildFile; fileRef = 0B45266728CA0EEC00D4083C /* LaunchScreen.storyboard */; };
		0B45267528CA369100D4083C /* NewReflectionViewController.swift in Sources */ = {isa = PBXBuildFile; fileRef = 0B45267428CA369100D4083C /* NewReflectionViewController.swift */; };
		0B9F82BF28D35589000D848B /* ReflectionsView.swift in Sources */ = {isa = PBXBuildFile; fileRef = 0B9F82BE28D35589000D848B /* ReflectionsView.swift */; };
		0B9F82C228D355DC000D848B /* CalendarHelper.swift in Sources */ = {isa = PBXBuildFile; fileRef = 0B9F82C128D355DC000D848B /* CalendarHelper.swift */; };
		0B9F82C428D35613000D848B /* CalendarItem.swift in Sources */ = {isa = PBXBuildFile; fileRef = 0B9F82C328D35613000D848B /* CalendarItem.swift */; };
		0B9F82C628D3563B000D848B /* CalendarCollectionViewCell.swift in Sources */ = {isa = PBXBuildFile; fileRef = 0B9F82C528D3563B000D848B /* CalendarCollectionViewCell.swift */; };
		148199ED28D4A59800BB1873 /* UITestNewReflectionViewController.swift in Sources */ = {isa = PBXBuildFile; fileRef = 148199EC28D4A59800BB1873 /* UITestNewReflectionViewController.swift */; };
		14CE07B028D4925600CAA578 /* UITestChooseTopicViewController.swift in Sources */ = {isa = PBXBuildFile; fileRef = 14CE07AF28D4925600CAA578 /* UITestChooseTopicViewController.swift */; };
		14DE6D2F28D398EA007DDC98 /* UITestViewController.swift in Sources */ = {isa = PBXBuildFile; fileRef = 14DE6D1C28D3694E007DDC98 /* UITestViewController.swift */; };
		14EC6C8528D350E60084F470 /* UnitTestEmojiViewController.swift in Sources */ = {isa = PBXBuildFile; fileRef = 14EC6C8428D350E60084F470 /* UnitTestEmojiViewController.swift */; };
		65C9D9F7188D33A4E870D2F9 /* Pods_Myrror.framework in Frameworks */ = {isa = PBXBuildFile; fileRef = A9A67F735F3DC35C15FA26D8 /* Pods_Myrror.framework */; };
		ED19590128CB8539004E7045 /* ChooseTopicViewController.swift in Sources */ = {isa = PBXBuildFile; fileRef = ED19590028CB8539004E7045 /* ChooseTopicViewController.swift */; };
		ED75100728D22268000207F2 /* EmojiViewController.swift in Sources */ = {isa = PBXBuildFile; fileRef = ED75100628D22268000207F2 /* EmojiViewController.swift */; };
		FF5EF8CB28D342B600C6DEA8 /* UnitTestViewController.swift in Sources */ = {isa = PBXBuildFile; fileRef = FF5EF8BA28D3422600C6DEA8 /* UnitTestViewController.swift */; };
		FF5EF8CC28D342B600C6DEA8 /* UnitTestNewReflectionViewController.swift in Sources */ = {isa = PBXBuildFile; fileRef = FF5EF8BB28D3422600C6DEA8 /* UnitTestNewReflectionViewController.swift */; };
		FF5EF8F128D357F100C6DEA8 /* triste.json in Resources */ = {isa = PBXBuildFile; fileRef = FF5EF8EE28D357F100C6DEA8 /* triste.json */; };
		FF5EF8F328D3580E00C6DEA8 /* feliz.json in Resources */ = {isa = PBXBuildFile; fileRef = FF5EF8F228D3580E00C6DEA8 /* feliz.json */; };
		FF5EF8F528D3581700C6DEA8 /* desesperado.json in Resources */ = {isa = PBXBuildFile; fileRef = FF5EF8F428D3581700C6DEA8 /* desesperado.json */; };
		FF5EF8F728D3582300C6DEA8 /* confiante.json in Resources */ = {isa = PBXBuildFile; fileRef = FF5EF8F628D3582300C6DEA8 /* confiante.json */; };
		FF5EF8F928D3582E00C6DEA8 /* indiferente.json in Resources */ = {isa = PBXBuildFile; fileRef = FF5EF8F828D3582E00C6DEA8 /* indiferente.json */; };
		FF5EF8FB28D49B7A00C6DEA8 /* confiante-cinza.json in Resources */ = {isa = PBXBuildFile; fileRef = FF5EF8FA28D49B7A00C6DEA8 /* confiante-cinza.json */; };
		FF5EF8FD28D49F2F00C6DEA8 /* feliz-cinza.json in Resources */ = {isa = PBXBuildFile; fileRef = FF5EF8FC28D49F2F00C6DEA8 /* feliz-cinza.json */; };
		FF5EF8FF28D49F7200C6DEA8 /* indiferente-cinza.json in Resources */ = {isa = PBXBuildFile; fileRef = FF5EF8FE28D49F7200C6DEA8 /* indiferente-cinza.json */; };
		FF5EF90128D49F9E00C6DEA8 /* triste-cinza.json in Resources */ = {isa = PBXBuildFile; fileRef = FF5EF90028D49F9E00C6DEA8 /* triste-cinza.json */; };
		FF5EF90328D49FC400C6DEA8 /* desesperado-cinza.json in Resources */ = {isa = PBXBuildFile; fileRef = FF5EF90228D49FC400C6DEA8 /* desesperado-cinza.json */; };
/* End PBXBuildFile section */

/* Begin PBXContainerItemProxy section */
		14DE6D2A28D398CB007DDC98 /* PBXContainerItemProxy */ = {
			isa = PBXContainerItemProxy;
			containerPortal = 0B45265128CA0EEA00D4083C /* Project object */;
			proxyType = 1;
			remoteGlobalIDString = 0B45265828CA0EEA00D4083C;
			remoteInfo = Myrror;
		};
		FF5EF8B528D3417D00C6DEA8 /* PBXContainerItemProxy */ = {
			isa = PBXContainerItemProxy;
			containerPortal = FF5EF8B028D3417D00C6DEA8 /* Pods.xcodeproj */;
			proxyType = 2;
			remoteGlobalIDString = 51BA97E8B5085EFFB47BC9C0B785CEA7;
			remoteInfo = "lottie-ios";
		};
		FF5EF8B728D3417D00C6DEA8 /* PBXContainerItemProxy */ = {
			isa = PBXContainerItemProxy;
			containerPortal = FF5EF8B028D3417D00C6DEA8 /* Pods.xcodeproj */;
			proxyType = 2;
			remoteGlobalIDString = D85DD9D7B233037CEE3C827B44259E8B;
			remoteInfo = "Pods-Myrror";
		};
		FF5EF8C628D342AB00C6DEA8 /* PBXContainerItemProxy */ = {
			isa = PBXContainerItemProxy;
			containerPortal = 0B45265128CA0EEA00D4083C /* Project object */;
			proxyType = 1;
			remoteGlobalIDString = 0B45265828CA0EEA00D4083C;
			remoteInfo = Myrror;
		};
/* End PBXContainerItemProxy section */

/* Begin PBXFileReference section */
		0B45265928CA0EEA00D4083C /* Myrror.app */ = {isa = PBXFileReference; explicitFileType = wrapper.application; includeInIndex = 0; path = Myrror.app; sourceTree = BUILT_PRODUCTS_DIR; };
		0B45265C28CA0EEA00D4083C /* AppDelegate.swift */ = {isa = PBXFileReference; lastKnownFileType = sourcecode.swift; path = AppDelegate.swift; sourceTree = "<group>"; };
		0B45265E28CA0EEA00D4083C /* SceneDelegate.swift */ = {isa = PBXFileReference; lastKnownFileType = sourcecode.swift; path = SceneDelegate.swift; sourceTree = "<group>"; };
		0B45266028CA0EEA00D4083C /* ViewController.swift */ = {isa = PBXFileReference; lastKnownFileType = sourcecode.swift; path = ViewController.swift; sourceTree = "<group>"; };
		0B45266528CA0EEC00D4083C /* Assets.xcassets */ = {isa = PBXFileReference; lastKnownFileType = folder.assetcatalog; path = Assets.xcassets; sourceTree = "<group>"; };
		0B45266828CA0EEC00D4083C /* Base */ = {isa = PBXFileReference; lastKnownFileType = file.storyboard; name = Base; path = Base.lproj/LaunchScreen.storyboard; sourceTree = "<group>"; };
		0B45266A28CA0EEC00D4083C /* Info.plist */ = {isa = PBXFileReference; lastKnownFileType = text.plist.xml; path = Info.plist; sourceTree = "<group>"; };
		0B45267428CA369100D4083C /* NewReflectionViewController.swift */ = {isa = PBXFileReference; lastKnownFileType = sourcecode.swift; path = NewReflectionViewController.swift; sourceTree = "<group>"; };
		0B9F82BE28D35589000D848B /* ReflectionsView.swift */ = {isa = PBXFileReference; lastKnownFileType = sourcecode.swift; path = ReflectionsView.swift; sourceTree = "<group>"; };
		0B9F82C128D355DC000D848B /* CalendarHelper.swift */ = {isa = PBXFileReference; lastKnownFileType = sourcecode.swift; path = CalendarHelper.swift; sourceTree = "<group>"; };
		0B9F82C328D35613000D848B /* CalendarItem.swift */ = {isa = PBXFileReference; lastKnownFileType = sourcecode.swift; path = CalendarItem.swift; sourceTree = "<group>"; };
		0B9F82C528D3563B000D848B /* CalendarCollectionViewCell.swift */ = {isa = PBXFileReference; lastKnownFileType = sourcecode.swift; path = CalendarCollectionViewCell.swift; sourceTree = "<group>"; };
		148199EC28D4A59800BB1873 /* UITestNewReflectionViewController.swift */ = {isa = PBXFileReference; lastKnownFileType = sourcecode.swift; path = UITestNewReflectionViewController.swift; sourceTree = "<group>"; };
		14CE07AF28D4925600CAA578 /* UITestChooseTopicViewController.swift */ = {isa = PBXFileReference; lastKnownFileType = sourcecode.swift; path = UITestChooseTopicViewController.swift; sourceTree = "<group>"; };
		14DE6D1C28D3694E007DDC98 /* UITestViewController.swift */ = {isa = PBXFileReference; lastKnownFileType = sourcecode.swift; path = UITestViewController.swift; sourceTree = "<group>"; };
		14DE6D2428D398CB007DDC98 /* MyrrorUITests.xctest */ = {isa = PBXFileReference; explicitFileType = wrapper.cfbundle; includeInIndex = 0; path = MyrrorUITests.xctest; sourceTree = BUILT_PRODUCTS_DIR; };
		14EC6C8428D350E60084F470 /* UnitTestEmojiViewController.swift */ = {isa = PBXFileReference; lastKnownFileType = sourcecode.swift; path = UnitTestEmojiViewController.swift; sourceTree = "<group>"; };
		2EC86285561FB4DED73E8FB7 /* Pods-Myrror.release.xcconfig */ = {isa = PBXFileReference; includeInIndex = 1; lastKnownFileType = text.xcconfig; name = "Pods-Myrror.release.xcconfig"; path = "Target Support Files/Pods-Myrror/Pods-Myrror.release.xcconfig"; sourceTree = "<group>"; };
		7973B5507D8F7CD0CE4F9537 /* Pods-Myrror.debug.xcconfig */ = {isa = PBXFileReference; includeInIndex = 1; lastKnownFileType = text.xcconfig; name = "Pods-Myrror.debug.xcconfig"; path = "Target Support Files/Pods-Myrror/Pods-Myrror.debug.xcconfig"; sourceTree = "<group>"; };
		A9A67F735F3DC35C15FA26D8 /* Pods_Myrror.framework */ = {isa = PBXFileReference; explicitFileType = wrapper.framework; includeInIndex = 0; path = Pods_Myrror.framework; sourceTree = BUILT_PRODUCTS_DIR; };
		ED19590028CB8539004E7045 /* ChooseTopicViewController.swift */ = {isa = PBXFileReference; lastKnownFileType = sourcecode.swift; path = ChooseTopicViewController.swift; sourceTree = "<group>"; };
		ED75100628D22268000207F2 /* EmojiViewController.swift */ = {isa = PBXFileReference; lastKnownFileType = sourcecode.swift; path = EmojiViewController.swift; sourceTree = "<group>"; };
		FF5EF8B028D3417D00C6DEA8 /* Pods.xcodeproj */ = {isa = PBXFileReference; lastKnownFileType = "wrapper.pb-project"; name = Pods.xcodeproj; path = ../Pods/Pods.xcodeproj; sourceTree = "<group>"; };
		FF5EF8BA28D3422600C6DEA8 /* UnitTestViewController.swift */ = {isa = PBXFileReference; fileEncoding = 4; lastKnownFileType = sourcecode.swift; path = UnitTestViewController.swift; sourceTree = "<group>"; };
		FF5EF8BB28D3422600C6DEA8 /* UnitTestNewReflectionViewController.swift */ = {isa = PBXFileReference; fileEncoding = 4; lastKnownFileType = sourcecode.swift; path = UnitTestNewReflectionViewController.swift; sourceTree = "<group>"; };
		FF5EF8C228D342AB00C6DEA8 /* MyrrorTests.xctest */ = {isa = PBXFileReference; explicitFileType = wrapper.cfbundle; includeInIndex = 0; path = MyrrorTests.xctest; sourceTree = BUILT_PRODUCTS_DIR; };
		FF5EF8EE28D357F100C6DEA8 /* triste.json */ = {isa = PBXFileReference; fileEncoding = 4; lastKnownFileType = text.json; path = triste.json; sourceTree = "<group>"; };
		FF5EF8F228D3580E00C6DEA8 /* feliz.json */ = {isa = PBXFileReference; fileEncoding = 4; lastKnownFileType = text.json; path = feliz.json; sourceTree = "<group>"; };
		FF5EF8F428D3581700C6DEA8 /* desesperado.json */ = {isa = PBXFileReference; fileEncoding = 4; lastKnownFileType = text.json; path = desesperado.json; sourceTree = "<group>"; };
		FF5EF8F628D3582300C6DEA8 /* confiante.json */ = {isa = PBXFileReference; fileEncoding = 4; lastKnownFileType = text.json; path = confiante.json; sourceTree = "<group>"; };
		FF5EF8F828D3582E00C6DEA8 /* indiferente.json */ = {isa = PBXFileReference; fileEncoding = 4; lastKnownFileType = text.json; path = indiferente.json; sourceTree = "<group>"; };
		FF5EF8FA28D49B7A00C6DEA8 /* confiante-cinza.json */ = {isa = PBXFileReference; fileEncoding = 4; lastKnownFileType = text.json; path = "confiante-cinza.json"; sourceTree = "<group>"; };
		FF5EF8FC28D49F2F00C6DEA8 /* feliz-cinza.json */ = {isa = PBXFileReference; fileEncoding = 4; lastKnownFileType = text.json; path = "feliz-cinza.json"; sourceTree = "<group>"; };
		FF5EF8FE28D49F7200C6DEA8 /* indiferente-cinza.json */ = {isa = PBXFileReference; fileEncoding = 4; lastKnownFileType = text.json; path = "indiferente-cinza.json"; sourceTree = "<group>"; };
		FF5EF90028D49F9E00C6DEA8 /* triste-cinza.json */ = {isa = PBXFileReference; fileEncoding = 4; lastKnownFileType = text.json; path = "triste-cinza.json"; sourceTree = "<group>"; };
		FF5EF90228D49FC400C6DEA8 /* desesperado-cinza.json */ = {isa = PBXFileReference; fileEncoding = 4; lastKnownFileType = text.json; path = "desesperado-cinza.json"; sourceTree = "<group>"; };
/* End PBXFileReference section */

/* Begin PBXFrameworksBuildPhase section */
		0B45265628CA0EEA00D4083C /* Frameworks */ = {
			isa = PBXFrameworksBuildPhase;
			buildActionMask = 2147483647;
			files = (
				65C9D9F7188D33A4E870D2F9 /* Pods_Myrror.framework in Frameworks */,
			);
			runOnlyForDeploymentPostprocessing = 0;
		};
		14DE6D2128D398CB007DDC98 /* Frameworks */ = {
			isa = PBXFrameworksBuildPhase;
			buildActionMask = 2147483647;
			files = (
			);
			runOnlyForDeploymentPostprocessing = 0;
		};
		FF5EF8BF28D342AB00C6DEA8 /* Frameworks */ = {
			isa = PBXFrameworksBuildPhase;
			buildActionMask = 2147483647;
			files = (
			);
			runOnlyForDeploymentPostprocessing = 0;
		};
/* End PBXFrameworksBuildPhase section */

/* Begin PBXGroup section */
		022E324D1FE7AD01839DC39A /* Pods */ = {
			isa = PBXGroup;
			children = (
				7973B5507D8F7CD0CE4F9537 /* Pods-Myrror.debug.xcconfig */,
				2EC86285561FB4DED73E8FB7 /* Pods-Myrror.release.xcconfig */,
			);
			path = Pods;
			sourceTree = "<group>";
		};
		0B45265028CA0EEA00D4083C = {
			isa = PBXGroup;
			children = (
				0B45265B28CA0EEA00D4083C /* Myrror */,
				FF5EF8C328D342AB00C6DEA8 /* MyrrorTests */,
				14DE6D2528D398CB007DDC98 /* MyrrorUITests */,
				0B45265A28CA0EEA00D4083C /* Products */,
				022E324D1FE7AD01839DC39A /* Pods */,
				47970496DD16FE59B194B9BC /* Frameworks */,
			);
			sourceTree = "<group>";
		};
		0B45265A28CA0EEA00D4083C /* Products */ = {
			isa = PBXGroup;
			children = (
				0B45265928CA0EEA00D4083C /* Myrror.app */,
				FF5EF8C228D342AB00C6DEA8 /* MyrrorTests.xctest */,
				14DE6D2428D398CB007DDC98 /* MyrrorUITests.xctest */,
			);
			name = Products;
			sourceTree = "<group>";
		};
		0B45265B28CA0EEA00D4083C /* Myrror */ = {
			isa = PBXGroup;
			children = (
				0BFD56CA28D524A8009C99E8 /* Assets */,
				FF5EF8B028D3417D00C6DEA8 /* Pods.xcodeproj */,
				0B9F82C028D355CF000D848B /* Helpers */,
				0B45267328CA292A00D4083C /* ViewModel */,
				0B45267228CA292200D4083C /* View */,
				0B45267128CA291700D4083C /* Model */,
				0B45265C28CA0EEA00D4083C /* AppDelegate.swift */,
				0B45265E28CA0EEA00D4083C /* SceneDelegate.swift */,
				0B45266728CA0EEC00D4083C /* LaunchScreen.storyboard */,
				0B45266A28CA0EEC00D4083C /* Info.plist */,
				0B45266528CA0EEC00D4083C /* Assets.xcassets */,
			);
			path = Myrror;
			sourceTree = "<group>";
		};
		0B45267128CA291700D4083C /* Model */ = {
			isa = PBXGroup;
			children = (
			);
			path = Model;
			sourceTree = "<group>";
		};
		0B45267228CA292200D4083C /* View */ = {
			isa = PBXGroup;
			children = (
				0B9F82C828D35804000D848B /* ReflectionsViewController */,
				0B45267428CA369100D4083C /* NewReflectionViewController.swift */,
				ED19590028CB8539004E7045 /* ChooseTopicViewController.swift */,
				ED75100628D22268000207F2 /* EmojiViewController.swift */,
			);
			path = View;
			sourceTree = "<group>";
		};
		0B45267328CA292A00D4083C /* ViewModel */ = {
			isa = PBXGroup;
			children = (
			);
			path = ViewModel;
			sourceTree = "<group>";
		};
		0B9F82C028D355CF000D848B /* Helpers */ = {
			isa = PBXGroup;
			children = (
				0B9F82C128D355DC000D848B /* CalendarHelper.swift */,
			);
			path = Helpers;
			sourceTree = "<group>";
		};
		0B9F82C828D35804000D848B /* ReflectionsViewController */ = {
			isa = PBXGroup;
			children = (
				0B9F82C328D35613000D848B /* CalendarItem.swift */,
				0B9F82C528D3563B000D848B /* CalendarCollectionViewCell.swift */,
				0B9F82BE28D35589000D848B /* ReflectionsView.swift */,
				0B45266028CA0EEA00D4083C /* ViewController.swift */,
			);
			path = ReflectionsViewController;
			sourceTree = "<group>";
		};
		0BFD56CA28D524A8009C99E8 /* Assets */ = {
			isa = PBXGroup;
			children = (
				FF5EF8F428D3581700C6DEA8 /* desesperado.json */,
				FF5EF90228D49FC400C6DEA8 /* desesperado-cinza.json */,
				FF5EF8F828D3582E00C6DEA8 /* indiferente.json */,
				FF5EF8FE28D49F7200C6DEA8 /* indiferente-cinza.json */,
				FF5EF8F628D3582300C6DEA8 /* confiante.json */,
				FF5EF8FA28D49B7A00C6DEA8 /* confiante-cinza.json */,
				FF5EF90028D49F9E00C6DEA8 /* triste-cinza.json */,
				FF5EF8EE28D357F100C6DEA8 /* triste.json */,
				FF5EF8FC28D49F2F00C6DEA8 /* feliz-cinza.json */,
				FF5EF8F228D3580E00C6DEA8 /* feliz.json */,
			);
			path = Assets;
			sourceTree = "<group>";
		};
		14DE6D2528D398CB007DDC98 /* MyrrorUITests */ = {
			isa = PBXGroup;
			children = (
				14DE6D1C28D3694E007DDC98 /* UITestViewController.swift */,
				14CE07AF28D4925600CAA578 /* UITestChooseTopicViewController.swift */,
				148199EC28D4A59800BB1873 /* UITestNewReflectionViewController.swift */,
			);
			path = MyrrorUITests;
			sourceTree = "<group>";
		};
		47970496DD16FE59B194B9BC /* Frameworks */ = {
			isa = PBXGroup;
			children = (
				A9A67F735F3DC35C15FA26D8 /* Pods_Myrror.framework */,
			);
			name = Frameworks;
			sourceTree = "<group>";
		};
		FF5EF8B128D3417D00C6DEA8 /* Products */ = {
			isa = PBXGroup;
			children = (
				FF5EF8B628D3417D00C6DEA8 /* lottie-ios */,
				FF5EF8B828D3417D00C6DEA8 /* Pods-Myrror */,
			);
			name = Products;
			sourceTree = "<group>";
		};
		FF5EF8C328D342AB00C6DEA8 /* MyrrorTests */ = {
			isa = PBXGroup;
			children = (
				FF5EF8BA28D3422600C6DEA8 /* UnitTestViewController.swift */,
				FF5EF8BB28D3422600C6DEA8 /* UnitTestNewReflectionViewController.swift */,
				14EC6C8428D350E60084F470 /* UnitTestEmojiViewController.swift */,
			);
			path = MyrrorTests;
			sourceTree = "<group>";
		};
/* End PBXGroup section */

/* Begin PBXNativeTarget section */
		0B45265828CA0EEA00D4083C /* Myrror */ = {
			isa = PBXNativeTarget;
			buildConfigurationList = 0B45266D28CA0EEC00D4083C /* Build configuration list for PBXNativeTarget "Myrror" */;
			buildPhases = (
				560E7AEE0BB845B99C155CEE /* [CP] Check Pods Manifest.lock */,
				0B45265528CA0EEA00D4083C /* Sources */,
				0B45265628CA0EEA00D4083C /* Frameworks */,
				0B45265728CA0EEA00D4083C /* Resources */,
				0B45267028CA249B00D4083C /* ShellScript */,
				CCF23567C710BBA1FD6F8B62 /* [CP] Embed Pods Frameworks */,
			);
			buildRules = (
			);
			dependencies = (
			);
			name = Myrror;
			productName = Myrror;
			productReference = 0B45265928CA0EEA00D4083C /* Myrror.app */;
			productType = "com.apple.product-type.application";
		};
		14DE6D2328D398CB007DDC98 /* MyrrorUITests */ = {
			isa = PBXNativeTarget;
			buildConfigurationList = 14DE6D2C28D398CB007DDC98 /* Build configuration list for PBXNativeTarget "MyrrorUITests" */;
			buildPhases = (
				14DE6D2028D398CB007DDC98 /* Sources */,
				14DE6D2128D398CB007DDC98 /* Frameworks */,
				14DE6D2228D398CB007DDC98 /* Resources */,
			);
			buildRules = (
			);
			dependencies = (
				14DE6D2B28D398CB007DDC98 /* PBXTargetDependency */,
			);
			name = MyrrorUITests;
			productName = MyrrorUITests;
			productReference = 14DE6D2428D398CB007DDC98 /* MyrrorUITests.xctest */;
			productType = "com.apple.product-type.bundle.ui-testing";
		};
		FF5EF8C128D342AB00C6DEA8 /* MyrrorTests */ = {
			isa = PBXNativeTarget;
			buildConfigurationList = FF5EF8C828D342AB00C6DEA8 /* Build configuration list for PBXNativeTarget "MyrrorTests" */;
			buildPhases = (
				FF5EF8BE28D342AB00C6DEA8 /* Sources */,
				FF5EF8BF28D342AB00C6DEA8 /* Frameworks */,
				FF5EF8C028D342AB00C6DEA8 /* Resources */,
			);
			buildRules = (
			);
			dependencies = (
				FF5EF8C728D342AB00C6DEA8 /* PBXTargetDependency */,
			);
			name = MyrrorTests;
			productName = MyrrorTests;
			productReference = FF5EF8C228D342AB00C6DEA8 /* MyrrorTests.xctest */;
			productType = "com.apple.product-type.bundle.unit-test";
		};
/* End PBXNativeTarget section */

/* Begin PBXProject section */
		0B45265128CA0EEA00D4083C /* Project object */ = {
			isa = PBXProject;
			attributes = {
				BuildIndependentTargetsInParallel = 1;
				LastSwiftUpdateCheck = 1400;
				LastUpgradeCheck = 1340;
				TargetAttributes = {
					0B45265828CA0EEA00D4083C = {
						CreatedOnToolsVersion = 13.4.1;
					};
					14DE6D2328D398CB007DDC98 = {
						CreatedOnToolsVersion = 14.0;
						TestTargetID = 0B45265828CA0EEA00D4083C;
					};
					FF5EF8C128D342AB00C6DEA8 = {
						CreatedOnToolsVersion = 14.0;
						TestTargetID = 0B45265828CA0EEA00D4083C;
					};
				};
			};
			buildConfigurationList = 0B45265428CA0EEA00D4083C /* Build configuration list for PBXProject "Myrror" */;
			compatibilityVersion = "Xcode 13.0";
			developmentRegion = en;
			hasScannedForEncodings = 0;
			knownRegions = (
				en,
				Base,
			);
			mainGroup = 0B45265028CA0EEA00D4083C;
			productRefGroup = 0B45265A28CA0EEA00D4083C /* Products */;
			projectDirPath = "";
			projectReferences = (
				{
					ProductGroup = FF5EF8B128D3417D00C6DEA8 /* Products */;
					ProjectRef = FF5EF8B028D3417D00C6DEA8 /* Pods.xcodeproj */;
				},
			);
			projectRoot = "";
			targets = (
				0B45265828CA0EEA00D4083C /* Myrror */,
				FF5EF8C128D342AB00C6DEA8 /* MyrrorTests */,
				14DE6D2328D398CB007DDC98 /* MyrrorUITests */,
			);
		};
/* End PBXProject section */

/* Begin PBXReferenceProxy section */
		FF5EF8B628D3417D00C6DEA8 /* lottie-ios */ = {
			isa = PBXReferenceProxy;
			fileType = wrapper.framework;
			name = "lottie-ios";
			path = Lottie.framework;
			remoteRef = FF5EF8B528D3417D00C6DEA8 /* PBXContainerItemProxy */;
			sourceTree = BUILT_PRODUCTS_DIR;
		};
		FF5EF8B828D3417D00C6DEA8 /* Pods-Myrror */ = {
			isa = PBXReferenceProxy;
			fileType = wrapper.framework;
			name = "Pods-Myrror";
			path = Pods_Myrror.framework;
			remoteRef = FF5EF8B728D3417D00C6DEA8 /* PBXContainerItemProxy */;
			sourceTree = BUILT_PRODUCTS_DIR;
		};
/* End PBXReferenceProxy section */

/* Begin PBXResourcesBuildPhase section */
		0B45265728CA0EEA00D4083C /* Resources */ = {
			isa = PBXResourcesBuildPhase;
			buildActionMask = 2147483647;
			files = (
				FF5EF8F128D357F100C6DEA8 /* triste.json in Resources */,
				0B45266928CA0EEC00D4083C /* LaunchScreen.storyboard in Resources */,
				FF5EF90128D49F9E00C6DEA8 /* triste-cinza.json in Resources */,
				FF5EF8F728D3582300C6DEA8 /* confiante.json in Resources */,
				FF5EF8FF28D49F7200C6DEA8 /* indiferente-cinza.json in Resources */,
				FF5EF8F928D3582E00C6DEA8 /* indiferente.json in Resources */,
				FF5EF8F528D3581700C6DEA8 /* desesperado.json in Resources */,
				FF5EF8FD28D49F2F00C6DEA8 /* feliz-cinza.json in Resources */,
				FF5EF8FB28D49B7A00C6DEA8 /* confiante-cinza.json in Resources */,
				FF5EF90328D49FC400C6DEA8 /* desesperado-cinza.json in Resources */,
				0B45266628CA0EEC00D4083C /* Assets.xcassets in Resources */,
				FF5EF8F328D3580E00C6DEA8 /* feliz.json in Resources */,
			);
			runOnlyForDeploymentPostprocessing = 0;
		};
		14DE6D2228D398CB007DDC98 /* Resources */ = {
			isa = PBXResourcesBuildPhase;
			buildActionMask = 2147483647;
			files = (
			);
			runOnlyForDeploymentPostprocessing = 0;
		};
		FF5EF8C028D342AB00C6DEA8 /* Resources */ = {
			isa = PBXResourcesBuildPhase;
			buildActionMask = 2147483647;
			files = (
			);
			runOnlyForDeploymentPostprocessing = 0;
		};
/* End PBXResourcesBuildPhase section */

/* Begin PBXShellScriptBuildPhase section */
		0B45267028CA249B00D4083C /* ShellScript */ = {
			isa = PBXShellScriptBuildPhase;
			buildActionMask = 2147483647;
			files = (
			);
			inputFileListPaths = (
			);
			inputPaths = (
			);
			outputFileListPaths = (
			);
			outputPaths = (
			);
			runOnlyForDeploymentPostprocessing = 0;
			shellPath = /bin/sh;
			shellScript = "export PATH=\"$PATH:/opt/homebrew/bin\"\nif which swiftlint > /dev/null; then\n  swiftlint Myrror/*\nelse\n  echo \"warning: SwiftLint not installed, download from https://github.com/realm/SwiftLint\"\nfi\n";
		};
		560E7AEE0BB845B99C155CEE /* [CP] Check Pods Manifest.lock */ = {
			isa = PBXShellScriptBuildPhase;
			buildActionMask = 2147483647;
			files = (
			);
			inputFileListPaths = (
			);
			inputPaths = (
				"${PODS_PODFILE_DIR_PATH}/Podfile.lock",
				"${PODS_ROOT}/Manifest.lock",
			);
			name = "[CP] Check Pods Manifest.lock";
			outputFileListPaths = (
			);
			outputPaths = (
				"$(DERIVED_FILE_DIR)/Pods-Myrror-checkManifestLockResult.txt",
			);
			runOnlyForDeploymentPostprocessing = 0;
			shellPath = /bin/sh;
			shellScript = "diff \"${PODS_PODFILE_DIR_PATH}/Podfile.lock\" \"${PODS_ROOT}/Manifest.lock\" > /dev/null\nif [ $? != 0 ] ; then\n    # print error to STDERR\n    echo \"error: The sandbox is not in sync with the Podfile.lock. Run 'pod install' or update your CocoaPods installation.\" >&2\n    exit 1\nfi\n# This output is used by Xcode 'outputs' to avoid re-running this script phase.\necho \"SUCCESS\" > \"${SCRIPT_OUTPUT_FILE_0}\"\n";
			showEnvVarsInLog = 0;
		};
		CCF23567C710BBA1FD6F8B62 /* [CP] Embed Pods Frameworks */ = {
			isa = PBXShellScriptBuildPhase;
			buildActionMask = 2147483647;
			files = (
			);
			inputFileListPaths = (
				"${PODS_ROOT}/Target Support Files/Pods-Myrror/Pods-Myrror-frameworks-${CONFIGURATION}-input-files.xcfilelist",
			);
			name = "[CP] Embed Pods Frameworks";
			outputFileListPaths = (
				"${PODS_ROOT}/Target Support Files/Pods-Myrror/Pods-Myrror-frameworks-${CONFIGURATION}-output-files.xcfilelist",
			);
			runOnlyForDeploymentPostprocessing = 0;
			shellPath = /bin/sh;
			shellScript = "\"${PODS_ROOT}/Target Support Files/Pods-Myrror/Pods-Myrror-frameworks.sh\"\n";
			showEnvVarsInLog = 0;
		};
/* End PBXShellScriptBuildPhase section */

/* Begin PBXSourcesBuildPhase section */
		0B45265528CA0EEA00D4083C /* Sources */ = {
			isa = PBXSourcesBuildPhase;
			buildActionMask = 2147483647;
			files = (
				0B45267528CA369100D4083C /* NewReflectionViewController.swift in Sources */,
				0B45266128CA0EEA00D4083C /* ViewController.swift in Sources */,
				0B9F82BF28D35589000D848B /* ReflectionsView.swift in Sources */,
				0B45265D28CA0EEA00D4083C /* AppDelegate.swift in Sources */,
				ED75100728D22268000207F2 /* EmojiViewController.swift in Sources */,
				ED19590128CB8539004E7045 /* ChooseTopicViewController.swift in Sources */,
				0B45265F28CA0EEA00D4083C /* SceneDelegate.swift in Sources */,
				0B9F82C628D3563B000D848B /* CalendarCollectionViewCell.swift in Sources */,
				0B9F82C428D35613000D848B /* CalendarItem.swift in Sources */,
				0B9F82C228D355DC000D848B /* CalendarHelper.swift in Sources */,
			);
			runOnlyForDeploymentPostprocessing = 0;
		};
		14DE6D2028D398CB007DDC98 /* Sources */ = {
			isa = PBXSourcesBuildPhase;
			buildActionMask = 2147483647;
			files = (
				14CE07B028D4925600CAA578 /* UITestChooseTopicViewController.swift in Sources */,
				148199ED28D4A59800BB1873 /* UITestNewReflectionViewController.swift in Sources */,
				14DE6D2F28D398EA007DDC98 /* UITestViewController.swift in Sources */,
			);
			runOnlyForDeploymentPostprocessing = 0;
		};
		FF5EF8BE28D342AB00C6DEA8 /* Sources */ = {
			isa = PBXSourcesBuildPhase;
			buildActionMask = 2147483647;
			files = (
				FF5EF8CC28D342B600C6DEA8 /* UnitTestNewReflectionViewController.swift in Sources */,
				FF5EF8CB28D342B600C6DEA8 /* UnitTestViewController.swift in Sources */,
				14EC6C8528D350E60084F470 /* UnitTestEmojiViewController.swift in Sources */,
			);
			runOnlyForDeploymentPostprocessing = 0;
		};
/* End PBXSourcesBuildPhase section */

/* Begin PBXTargetDependency section */
		14DE6D2B28D398CB007DDC98 /* PBXTargetDependency */ = {
			isa = PBXTargetDependency;
			target = 0B45265828CA0EEA00D4083C /* Myrror */;
			targetProxy = 14DE6D2A28D398CB007DDC98 /* PBXContainerItemProxy */;
		};
		FF5EF8C728D342AB00C6DEA8 /* PBXTargetDependency */ = {
			isa = PBXTargetDependency;
			target = 0B45265828CA0EEA00D4083C /* Myrror */;
			targetProxy = FF5EF8C628D342AB00C6DEA8 /* PBXContainerItemProxy */;
		};
/* End PBXTargetDependency section */

/* Begin PBXVariantGroup section */
		0B45266728CA0EEC00D4083C /* LaunchScreen.storyboard */ = {
			isa = PBXVariantGroup;
			children = (
				0B45266828CA0EEC00D4083C /* Base */,
			);
			name = LaunchScreen.storyboard;
			sourceTree = "<group>";
		};
/* End PBXVariantGroup section */

/* Begin XCBuildConfiguration section */
		0B45266B28CA0EEC00D4083C /* Debug */ = {
			isa = XCBuildConfiguration;
			buildSettings = {
				ALWAYS_SEARCH_USER_PATHS = NO;
				CLANG_ANALYZER_NONNULL = YES;
				CLANG_ANALYZER_NUMBER_OBJECT_CONVERSION = YES_AGGRESSIVE;
				CLANG_CXX_LANGUAGE_STANDARD = "gnu++17";
				CLANG_ENABLE_MODULES = YES;
				CLANG_ENABLE_OBJC_ARC = YES;
				CLANG_ENABLE_OBJC_WEAK = YES;
				CLANG_WARN_BLOCK_CAPTURE_AUTORELEASING = YES;
				CLANG_WARN_BOOL_CONVERSION = YES;
				CLANG_WARN_COMMA = YES;
				CLANG_WARN_CONSTANT_CONVERSION = YES;
				CLANG_WARN_DEPRECATED_OBJC_IMPLEMENTATIONS = YES;
				CLANG_WARN_DIRECT_OBJC_ISA_USAGE = YES_ERROR;
				CLANG_WARN_DOCUMENTATION_COMMENTS = YES;
				CLANG_WARN_EMPTY_BODY = YES;
				CLANG_WARN_ENUM_CONVERSION = YES;
				CLANG_WARN_INFINITE_RECURSION = YES;
				CLANG_WARN_INT_CONVERSION = YES;
				CLANG_WARN_NON_LITERAL_NULL_CONVERSION = YES;
				CLANG_WARN_OBJC_IMPLICIT_RETAIN_SELF = YES;
				CLANG_WARN_OBJC_LITERAL_CONVERSION = YES;
				CLANG_WARN_OBJC_ROOT_CLASS = YES_ERROR;
				CLANG_WARN_QUOTED_INCLUDE_IN_FRAMEWORK_HEADER = YES;
				CLANG_WARN_RANGE_LOOP_ANALYSIS = YES;
				CLANG_WARN_STRICT_PROTOTYPES = YES;
				CLANG_WARN_SUSPICIOUS_MOVE = YES;
				CLANG_WARN_UNGUARDED_AVAILABILITY = YES_AGGRESSIVE;
				CLANG_WARN_UNREACHABLE_CODE = YES;
				CLANG_WARN__DUPLICATE_METHOD_MATCH = YES;
				COPY_PHASE_STRIP = NO;
				DEBUG_INFORMATION_FORMAT = dwarf;
				ENABLE_STRICT_OBJC_MSGSEND = YES;
				ENABLE_TESTABILITY = YES;
				GCC_C_LANGUAGE_STANDARD = gnu11;
				GCC_DYNAMIC_NO_PIC = NO;
				GCC_NO_COMMON_BLOCKS = YES;
				GCC_OPTIMIZATION_LEVEL = 0;
				GCC_PREPROCESSOR_DEFINITIONS = (
					"DEBUG=1",
					"$(inherited)",
				);
				GCC_WARN_64_TO_32_BIT_CONVERSION = YES;
				GCC_WARN_ABOUT_RETURN_TYPE = YES_ERROR;
				GCC_WARN_UNDECLARED_SELECTOR = YES;
				GCC_WARN_UNINITIALIZED_AUTOS = YES_AGGRESSIVE;
				GCC_WARN_UNUSED_FUNCTION = YES;
				GCC_WARN_UNUSED_VARIABLE = YES;
				IPHONEOS_DEPLOYMENT_TARGET = 15.4;
				MTL_ENABLE_DEBUG_INFO = INCLUDE_SOURCE;
				MTL_FAST_MATH = YES;
				ONLY_ACTIVE_ARCH = YES;
				SDKROOT = iphoneos;
				SWIFT_ACTIVE_COMPILATION_CONDITIONS = DEBUG;
				SWIFT_OPTIMIZATION_LEVEL = "-Onone";
			};
			name = Debug;
		};
		0B45266C28CA0EEC00D4083C /* Release */ = {
			isa = XCBuildConfiguration;
			buildSettings = {
				ALWAYS_SEARCH_USER_PATHS = NO;
				CLANG_ANALYZER_NONNULL = YES;
				CLANG_ANALYZER_NUMBER_OBJECT_CONVERSION = YES_AGGRESSIVE;
				CLANG_CXX_LANGUAGE_STANDARD = "gnu++17";
				CLANG_ENABLE_MODULES = YES;
				CLANG_ENABLE_OBJC_ARC = YES;
				CLANG_ENABLE_OBJC_WEAK = YES;
				CLANG_WARN_BLOCK_CAPTURE_AUTORELEASING = YES;
				CLANG_WARN_BOOL_CONVERSION = YES;
				CLANG_WARN_COMMA = YES;
				CLANG_WARN_CONSTANT_CONVERSION = YES;
				CLANG_WARN_DEPRECATED_OBJC_IMPLEMENTATIONS = YES;
				CLANG_WARN_DIRECT_OBJC_ISA_USAGE = YES_ERROR;
				CLANG_WARN_DOCUMENTATION_COMMENTS = YES;
				CLANG_WARN_EMPTY_BODY = YES;
				CLANG_WARN_ENUM_CONVERSION = YES;
				CLANG_WARN_INFINITE_RECURSION = YES;
				CLANG_WARN_INT_CONVERSION = YES;
				CLANG_WARN_NON_LITERAL_NULL_CONVERSION = YES;
				CLANG_WARN_OBJC_IMPLICIT_RETAIN_SELF = YES;
				CLANG_WARN_OBJC_LITERAL_CONVERSION = YES;
				CLANG_WARN_OBJC_ROOT_CLASS = YES_ERROR;
				CLANG_WARN_QUOTED_INCLUDE_IN_FRAMEWORK_HEADER = YES;
				CLANG_WARN_RANGE_LOOP_ANALYSIS = YES;
				CLANG_WARN_STRICT_PROTOTYPES = YES;
				CLANG_WARN_SUSPICIOUS_MOVE = YES;
				CLANG_WARN_UNGUARDED_AVAILABILITY = YES_AGGRESSIVE;
				CLANG_WARN_UNREACHABLE_CODE = YES;
				CLANG_WARN__DUPLICATE_METHOD_MATCH = YES;
				COPY_PHASE_STRIP = NO;
				DEBUG_INFORMATION_FORMAT = "dwarf-with-dsym";
				ENABLE_NS_ASSERTIONS = NO;
				ENABLE_STRICT_OBJC_MSGSEND = YES;
				GCC_C_LANGUAGE_STANDARD = gnu11;
				GCC_NO_COMMON_BLOCKS = YES;
				GCC_WARN_64_TO_32_BIT_CONVERSION = YES;
				GCC_WARN_ABOUT_RETURN_TYPE = YES_ERROR;
				GCC_WARN_UNDECLARED_SELECTOR = YES;
				GCC_WARN_UNINITIALIZED_AUTOS = YES_AGGRESSIVE;
				GCC_WARN_UNUSED_FUNCTION = YES;
				GCC_WARN_UNUSED_VARIABLE = YES;
				IPHONEOS_DEPLOYMENT_TARGET = 15.4;
				MTL_ENABLE_DEBUG_INFO = NO;
				MTL_FAST_MATH = YES;
				SDKROOT = iphoneos;
				SWIFT_COMPILATION_MODE = wholemodule;
				SWIFT_OPTIMIZATION_LEVEL = "-O";
				VALIDATE_PRODUCT = YES;
			};
			name = Release;
		};
		0B45266E28CA0EEC00D4083C /* Debug */ = {
			isa = XCBuildConfiguration;
			baseConfigurationReference = 7973B5507D8F7CD0CE4F9537 /* Pods-Myrror.debug.xcconfig */;
			buildSettings = {
				ASSETCATALOG_COMPILER_APPICON_NAME = AppIcon;
				ASSETCATALOG_COMPILER_GLOBAL_ACCENT_COLOR_NAME = AccentColor;
				CODE_SIGN_STYLE = Automatic;
				CURRENT_PROJECT_VERSION = 1;
				DEVELOPMENT_TEAM = KDV83NBV8H;
				GENERATE_INFOPLIST_FILE = YES;
				INFOPLIST_FILE = Myrror/Info.plist;
				INFOPLIST_KEY_UIApplicationSupportsIndirectInputEvents = YES;
				INFOPLIST_KEY_UILaunchStoryboardName = LaunchScreen;
				INFOPLIST_KEY_UISupportedInterfaceOrientations_iPad = "UIInterfaceOrientationPortrait UIInterfaceOrientationPortraitUpsideDown UIInterfaceOrientationLandscapeLeft UIInterfaceOrientationLandscapeRight";
				INFOPLIST_KEY_UISupportedInterfaceOrientations_iPhone = "UIInterfaceOrientationPortrait UIInterfaceOrientationLandscapeLeft UIInterfaceOrientationLandscapeRight";
				IPHONEOS_DEPLOYMENT_TARGET = 15.4;
				LD_RUNPATH_SEARCH_PATHS = (
					"$(inherited)",
					"@executable_path/Frameworks",
				);
				MARKETING_VERSION = 1.0;
				PRODUCT_BUNDLE_IDENTIFIER = com.lais.Myrror;
				PRODUCT_NAME = "$(TARGET_NAME)";
				SWIFT_EMIT_LOC_STRINGS = YES;
				SWIFT_VERSION = 5.0;
				TARGETED_DEVICE_FAMILY = "1,2";
			};
			name = Debug;
		};
		0B45266F28CA0EEC00D4083C /* Release */ = {
			isa = XCBuildConfiguration;
			baseConfigurationReference = 2EC86285561FB4DED73E8FB7 /* Pods-Myrror.release.xcconfig */;
			buildSettings = {
				ASSETCATALOG_COMPILER_APPICON_NAME = AppIcon;
				ASSETCATALOG_COMPILER_GLOBAL_ACCENT_COLOR_NAME = AccentColor;
				CODE_SIGN_STYLE = Automatic;
				CURRENT_PROJECT_VERSION = 1;
				DEVELOPMENT_TEAM = KDV83NBV8H;
				GENERATE_INFOPLIST_FILE = YES;
				INFOPLIST_FILE = Myrror/Info.plist;
				INFOPLIST_KEY_UIApplicationSupportsIndirectInputEvents = YES;
				INFOPLIST_KEY_UILaunchStoryboardName = LaunchScreen;
				INFOPLIST_KEY_UISupportedInterfaceOrientations_iPad = "UIInterfaceOrientationPortrait UIInterfaceOrientationPortraitUpsideDown UIInterfaceOrientationLandscapeLeft UIInterfaceOrientationLandscapeRight";
				INFOPLIST_KEY_UISupportedInterfaceOrientations_iPhone = "UIInterfaceOrientationPortrait UIInterfaceOrientationLandscapeLeft UIInterfaceOrientationLandscapeRight";
				IPHONEOS_DEPLOYMENT_TARGET = 15.4;
				LD_RUNPATH_SEARCH_PATHS = (
					"$(inherited)",
					"@executable_path/Frameworks",
				);
				MARKETING_VERSION = 1.0;
				PRODUCT_BUNDLE_IDENTIFIER = com.lais.Myrror;
				PRODUCT_NAME = "$(TARGET_NAME)";
				SWIFT_EMIT_LOC_STRINGS = YES;
				SWIFT_VERSION = 5.0;
				TARGETED_DEVICE_FAMILY = "1,2";
			};
			name = Release;
		};
		14DE6D2D28D398CB007DDC98 /* Debug */ = {
			isa = XCBuildConfiguration;
			buildSettings = {
				CLANG_CXX_LANGUAGE_STANDARD = "gnu++20";
				CODE_SIGN_STYLE = Automatic;
				CURRENT_PROJECT_VERSION = 1;
				DEVELOPMENT_TEAM = 7P3G4Y9CSP;
				GENERATE_INFOPLIST_FILE = YES;
				IPHONEOS_DEPLOYMENT_TARGET = 16.0;
				MARKETING_VERSION = 1.0;
				PRODUCT_BUNDLE_IDENTIFIER = "Marcelo-de-Arau-jo.MyrrorUITests";
				PRODUCT_NAME = "$(TARGET_NAME)";
				SWIFT_EMIT_LOC_STRINGS = NO;
				SWIFT_VERSION = 5.0;
				TARGETED_DEVICE_FAMILY = "1,2";
				TEST_TARGET_NAME = Myrror;
			};
			name = Debug;
		};
		14DE6D2E28D398CB007DDC98 /* Release */ = {
			isa = XCBuildConfiguration;
			buildSettings = {
				CLANG_CXX_LANGUAGE_STANDARD = "gnu++20";
				CODE_SIGN_STYLE = Automatic;
				CURRENT_PROJECT_VERSION = 1;
				DEVELOPMENT_TEAM = 7P3G4Y9CSP;
				GENERATE_INFOPLIST_FILE = YES;
				IPHONEOS_DEPLOYMENT_TARGET = 16.0;
				MARKETING_VERSION = 1.0;
				PRODUCT_BUNDLE_IDENTIFIER = "Marcelo-de-Arau-jo.MyrrorUITests";
				PRODUCT_NAME = "$(TARGET_NAME)";
				SWIFT_EMIT_LOC_STRINGS = NO;
				SWIFT_VERSION = 5.0;
				TARGETED_DEVICE_FAMILY = "1,2";
				TEST_TARGET_NAME = Myrror;
			};
			name = Release;
		};
		FF5EF8C928D342AB00C6DEA8 /* Debug */ = {
			isa = XCBuildConfiguration;
			buildSettings = {
				BUNDLE_LOADER = "$(TEST_HOST)";
				CLANG_CXX_LANGUAGE_STANDARD = "gnu++20";
				CODE_SIGN_STYLE = Automatic;
				CURRENT_PROJECT_VERSION = 1;
				DEVELOPMENT_TEAM = NTS86MKTBV;
				GENERATE_INFOPLIST_FILE = YES;
				IPHONEOS_DEPLOYMENT_TARGET = 16.0;
				MARKETING_VERSION = 1.0;
				PRODUCT_BUNDLE_IDENTIFIER = com.beatrizlds.MyrrorTests;
				PRODUCT_NAME = "$(TARGET_NAME)";
				SWIFT_EMIT_LOC_STRINGS = NO;
				SWIFT_VERSION = 5.0;
				TARGETED_DEVICE_FAMILY = "1,2";
				TEST_HOST = "$(BUILT_PRODUCTS_DIR)/Myrror.app/$(BUNDLE_EXECUTABLE_FOLDER_PATH)/Myrror";
			};
			name = Debug;
		};
		FF5EF8CA28D342AB00C6DEA8 /* Release */ = {
			isa = XCBuildConfiguration;
			buildSettings = {
				BUNDLE_LOADER = "$(TEST_HOST)";
				CLANG_CXX_LANGUAGE_STANDARD = "gnu++20";
				CODE_SIGN_STYLE = Automatic;
				CURRENT_PROJECT_VERSION = 1;
				DEVELOPMENT_TEAM = NTS86MKTBV;
				GENERATE_INFOPLIST_FILE = YES;
				IPHONEOS_DEPLOYMENT_TARGET = 16.0;
				MARKETING_VERSION = 1.0;
				PRODUCT_BUNDLE_IDENTIFIER = com.beatrizlds.MyrrorTests;
				PRODUCT_NAME = "$(TARGET_NAME)";
				SWIFT_EMIT_LOC_STRINGS = NO;
				SWIFT_VERSION = 5.0;
				TARGETED_DEVICE_FAMILY = "1,2";
				TEST_HOST = "$(BUILT_PRODUCTS_DIR)/Myrror.app/$(BUNDLE_EXECUTABLE_FOLDER_PATH)/Myrror";
			};
			name = Release;
		};
/* End XCBuildConfiguration section */

/* Begin XCConfigurationList section */
		0B45265428CA0EEA00D4083C /* Build configuration list for PBXProject "Myrror" */ = {
			isa = XCConfigurationList;
			buildConfigurations = (
				0B45266B28CA0EEC00D4083C /* Debug */,
				0B45266C28CA0EEC00D4083C /* Release */,
			);
			defaultConfigurationIsVisible = 0;
			defaultConfigurationName = Release;
		};
		0B45266D28CA0EEC00D4083C /* Build configuration list for PBXNativeTarget "Myrror" */ = {
			isa = XCConfigurationList;
			buildConfigurations = (
				0B45266E28CA0EEC00D4083C /* Debug */,
				0B45266F28CA0EEC00D4083C /* Release */,
			);
			defaultConfigurationIsVisible = 0;
			defaultConfigurationName = Release;
		};
		14DE6D2C28D398CB007DDC98 /* Build configuration list for PBXNativeTarget "MyrrorUITests" */ = {
			isa = XCConfigurationList;
			buildConfigurations = (
				14DE6D2D28D398CB007DDC98 /* Debug */,
				14DE6D2E28D398CB007DDC98 /* Release */,
			);
			defaultConfigurationIsVisible = 0;
			defaultConfigurationName = Release;
		};
		FF5EF8C828D342AB00C6DEA8 /* Build configuration list for PBXNativeTarget "MyrrorTests" */ = {
			isa = XCConfigurationList;
			buildConfigurations = (
				FF5EF8C928D342AB00C6DEA8 /* Debug */,
				FF5EF8CA28D342AB00C6DEA8 /* Release */,
			);
			defaultConfigurationIsVisible = 0;
			defaultConfigurationName = Release;
		};
/* End XCConfigurationList section */
	};
	rootObject = 0B45265128CA0EEA00D4083C /* Project object */;
}
